
Microsoft Visual Studio Solution File, Format Version 12.00
# Visual Studio Version 16
VisualStudioVersion = 16.0.30503.244
MinimumVisualStudioVersion = 10.0.40219.1
Project("{FAE04EC0-301F-11D3-BF4B-00C04F79EFBC}") = "WindowsFormsApp1", "WindowsFormsApp1.csproj", "{65743144-EB20-44B4-B2F8-2F5794B5AF6B}"
EndProject
Global
	GlobalSection(SolutionConfigurationPlatforms) = preSolution
		Debug|Any CPU = Debug|Any CPU
		Release|Any CPU = Release|Any CPU
	EndGlobalSection
	GlobalSection(ProjectConfigurationPlatforms) = postSolution
		{65743144-EB20-44B4-B2F8-2F5794B5AF6B}.Debug|Any CPU.ActiveCfg = Debug|Any CPU
		{65743144-EB20-44B4-B2F8-2F5794B5AF6B}.Debug|Any CPU.Build.0 = Debug|Any CPU
		{65743144-EB20-44B4-B2F8-2F5794B5AF6B}.Release|Any CPU.ActiveCfg = Release|Any CPU
		{65743144-EB20-44B4-B2F8-2F5794B5AF6B}.Release|Any CPU.Build.0 = Release|Any CPU
	EndGlobalSection
	GlobalSection(SolutionProperties) = preSolution
		HideSolutionNode = FALSE
	EndGlobalSection
	GlobalSection(ExtensibilityGlobals) = postSolution
		SolutionGuid = {D07CCDD0-2BD3-4B42-989E-03C5286D0E24}
	EndGlobalSection
EndGlobal
